
Microsoft Visual Studio Solution File, Format Version 12.00
# Visual Studio Version 17
VisualStudioVersion = 17.13.35919.96
MinimumVisualStudioVersion = 10.0.40219.1
Project("{8BC9CEB8-8B4A-11D0-8D11-00A0C91BC942}") = "HelloWorld", "HelloWorld\HelloWorld.vcxproj", "{882906A2-1658-4605-9E31-F8E25AED3173}"
EndProject
Project("{8BC9CEB8-8B4A-11D0-8D11-00A0C91BC942}") = "DataTypes", "DataTypes\DataTypes.vcxproj", "{DE122ED9-752A-44DC-A268-111811D21125}"
EndProject
Project("{8BC9CEB8-8B4A-11D0-8D11-00A0C91BC942}") = "UserDataTypesNotes", "UserDataTypes\UserDataTypes.vcxproj", "{F00FEE4C-0CBD-466C-B97B-E9E4B784515D}"
EndProject
Project("{8BC9CEB8-8B4A-11D0-8D11-00A0C91BC942}") = "NumberGuessingGame", "NumberGuessingGame\NumberGuessingGame.vcxproj", "{FBFF157D-C333-4BD6-837C-49F46207EC4F}"
EndProject
Project("{8BC9CEB8-8B4A-11D0-8D11-00A0C91BC942}") = "UserDataTypes2", "UserDataTypes2\UserDataTypes2.vcxproj", "{93CE0B96-6603-4F1B-9771-E3584D7B32CC}"
EndProject
Project("{8BC9CEB8-8B4A-11D0-8D11-00A0C91BC942}") = "Memory", "Memory\Memory.vcxproj", "{CC98D53F-092D-4896-AD7B-93EE63C8BB6C}"
EndProject
Project("{8BC9CEB8-8B4A-11D0-8D11-00A0C91BC942}") = "MemoryReview", "MemoryReview\MemoryReview.vcxproj", "{EF567020-E1D9-4303-B357-D3FF6A0397FD}"
EndProject
Project("{8BC9CEB8-8B4A-11D0-8D11-00A0C91BC942}") = "ContainersNotes", "Containers\Containers.vcxproj", "{E931A816-C3DB-44AF-ABF4-AC570C7B3F44}"
EndProject
Project("{8BC9CEB8-8B4A-11D0-8D11-00A0C91BC942}") = "Container", "Container\Container.vcxproj", "{05C25E81-5B8D-46CA-B856-C718ED9A720C}"
EndProject
Project("{8BC9CEB8-8B4A-11D0-8D11-00A0C91BC942}") = "OOPNotes", "OOPNotes\OOPNotes.vcxproj", "{A3D847F2-6932-4B81-A6B1-F172BC91915B}"
EndProject
Project("{8BC9CEB8-8B4A-11D0-8D11-00A0C91BC942}") = "CppClasses", "CppClasses\CppClasses.vcxproj", "{8F506A7D-F111-456A-A504-133DF3EE7A48}"
EndProject
Project("{8BC9CEB8-8B4A-11D0-8D11-00A0C91BC942}") = "StreamNotes", "StreamNotes\StreamNotes.vcxproj", "{02D6DF47-587D-4C6D-A468-A20C6112AAE9}"
EndProject
Project("{8BC9CEB8-8B4A-11D0-8D11-00A0C91BC942}") = "FailAssignment", "FailAssignment\FailAssignment.vcxproj", "{569F00D1-18FB-4E55-8239-5CF60C54AD3C}"
EndProject
Project("{8BC9CEB8-8B4A-11D0-8D11-00A0C91BC942}") = "OperatorOverloadingNotes", "OperatorOverloadingNotes\OperatorOverloadingNotes.vcxproj", "{F15B7CBB-D00D-43E0-A0EF-E2DBA8CE1592}"
EndProject
Project("{8BC9CEB8-8B4A-11D0-8D11-00A0C91BC942}") = "TemplatesNotes", "TemplatesNotes\TemplatesNotes.vcxproj", "{ABED215E-D8FC-47C5-8DA2-DB6D808C65D4}"
EndProject
Project("{8BC9CEB8-8B4A-11D0-8D11-00A0C91BC942}") = "FractionAssignment", "FractionAssignment\FractionAssignment.vcxproj", "{DC88B975-6EEE-40D2-85D2-366CD365C38C}"
EndProject
Project("{8BC9CEB8-8B4A-11D0-8D11-00A0C91BC942}") = "PointerNotes", "PointerNotes\PointerNotes.vcxproj", "{75C2C3B5-52F0-4DA8-B796-2E851DCEB458}"
EndProject
Project("{8BC9CEB8-8B4A-11D0-8D11-00A0C91BC942}") = "DatabaseFinal", "DatabaseFinal\DatabaseFinal.vcxproj", "{41BE7BC0-DD40-4C98-91E7-87ADC4CEE50C}"
EndProject
Global
	GlobalSection(SolutionConfigurationPlatforms) = preSolution
		Debug|x64 = Debug|x64
		Debug|x86 = Debug|x86
		Release|x64 = Release|x64
		Release|x86 = Release|x86
	EndGlobalSection
	GlobalSection(ProjectConfigurationPlatforms) = postSolution
		{882906A2-1658-4605-9E31-F8E25AED3173}.Debug|x64.ActiveCfg = Debug|x64
		{882906A2-1658-4605-9E31-F8E25AED3173}.Debug|x64.Build.0 = Debug|x64
		{882906A2-1658-4605-9E31-F8E25AED3173}.Debug|x86.ActiveCfg = Debug|Win32
		{882906A2-1658-4605-9E31-F8E25AED3173}.Debug|x86.Build.0 = Debug|Win32
		{882906A2-1658-4605-9E31-F8E25AED3173}.Release|x64.ActiveCfg = Release|x64
		{882906A2-1658-4605-9E31-F8E25AED3173}.Release|x64.Build.0 = Release|x64
		{882906A2-1658-4605-9E31-F8E25AED3173}.Release|x86.ActiveCfg = Release|Win32
		{882906A2-1658-4605-9E31-F8E25AED3173}.Release|x86.Build.0 = Release|Win32
		{DE122ED9-752A-44DC-A268-111811D21125}.Debug|x64.ActiveCfg = Debug|x64
		{DE122ED9-752A-44DC-A268-111811D21125}.Debug|x64.Build.0 = Debug|x64
		{DE122ED9-752A-44DC-A268-111811D21125}.Debug|x86.ActiveCfg = Debug|Win32
		{DE122ED9-752A-44DC-A268-111811D21125}.Debug|x86.Build.0 = Debug|Win32
		{DE122ED9-752A-44DC-A268-111811D21125}.Release|x64.ActiveCfg = Release|x64
		{DE122ED9-752A-44DC-A268-111811D21125}.Release|x64.Build.0 = Release|x64
		{DE122ED9-752A-44DC-A268-111811D21125}.Release|x86.ActiveCfg = Release|Win32
		{DE122ED9-752A-44DC-A268-111811D21125}.Release|x86.Build.0 = Release|Win32
		{F00FEE4C-0CBD-466C-B97B-E9E4B784515D}.Debug|x64.ActiveCfg = Debug|x64
		{F00FEE4C-0CBD-466C-B97B-E9E4B784515D}.Debug|x64.Build.0 = Debug|x64
		{F00FEE4C-0CBD-466C-B97B-E9E4B784515D}.Debug|x86.ActiveCfg = Debug|Win32
		{F00FEE4C-0CBD-466C-B97B-E9E4B784515D}.Debug|x86.Build.0 = Debug|Win32
		{F00FEE4C-0CBD-466C-B97B-E9E4B784515D}.Release|x64.ActiveCfg = Release|x64
		{F00FEE4C-0CBD-466C-B97B-E9E4B784515D}.Release|x64.Build.0 = Release|x64
		{F00FEE4C-0CBD-466C-B97B-E9E4B784515D}.Release|x86.ActiveCfg = Release|Win32
		{F00FEE4C-0CBD-466C-B97B-E9E4B784515D}.Release|x86.Build.0 = Release|Win32
		{FBFF157D-C333-4BD6-837C-49F46207EC4F}.Debug|x64.ActiveCfg = Debug|x64
		{FBFF157D-C333-4BD6-837C-49F46207EC4F}.Debug|x64.Build.0 = Debug|x64
		{FBFF157D-C333-4BD6-837C-49F46207EC4F}.Debug|x86.ActiveCfg = Debug|Win32
		{FBFF157D-C333-4BD6-837C-49F46207EC4F}.Debug|x86.Build.0 = Debug|Win32
		{FBFF157D-C333-4BD6-837C-49F46207EC4F}.Release|x64.ActiveCfg = Release|x64
		{FBFF157D-C333-4BD6-837C-49F46207EC4F}.Release|x64.Build.0 = Release|x64
		{FBFF157D-C333-4BD6-837C-49F46207EC4F}.Release|x86.ActiveCfg = Release|Win32
		{FBFF157D-C333-4BD6-837C-49F46207EC4F}.Release|x86.Build.0 = Release|Win32
		{93CE0B96-6603-4F1B-9771-E3584D7B32CC}.Debug|x64.ActiveCfg = Debug|x64
		{93CE0B96-6603-4F1B-9771-E3584D7B32CC}.Debug|x64.Build.0 = Debug|x64
		{93CE0B96-6603-4F1B-9771-E3584D7B32CC}.Debug|x86.ActiveCfg = Debug|Win32
		{93CE0B96-6603-4F1B-9771-E3584D7B32CC}.Debug|x86.Build.0 = Debug|Win32
		{93CE0B96-6603-4F1B-9771-E3584D7B32CC}.Release|x64.ActiveCfg = Release|x64
		{93CE0B96-6603-4F1B-9771-E3584D7B32CC}.Release|x64.Build.0 = Release|x64
		{93CE0B96-6603-4F1B-9771-E3584D7B32CC}.Release|x86.ActiveCfg = Release|Win32
		{93CE0B96-6603-4F1B-9771-E3584D7B32CC}.Release|x86.Build.0 = Release|Win32
		{CC98D53F-092D-4896-AD7B-93EE63C8BB6C}.Debug|x64.ActiveCfg = Debug|x64
		{CC98D53F-092D-4896-AD7B-93EE63C8BB6C}.Debug|x64.Build.0 = Debug|x64
		{CC98D53F-092D-4896-AD7B-93EE63C8BB6C}.Debug|x86.ActiveCfg = Debug|Win32
		{CC98D53F-092D-4896-AD7B-93EE63C8BB6C}.Debug|x86.Build.0 = Debug|Win32
		{CC98D53F-092D-4896-AD7B-93EE63C8BB6C}.Release|x64.ActiveCfg = Release|x64
		{CC98D53F-092D-4896-AD7B-93EE63C8BB6C}.Release|x64.Build.0 = Release|x64
		{CC98D53F-092D-4896-AD7B-93EE63C8BB6C}.Release|x86.ActiveCfg = Release|Win32
		{CC98D53F-092D-4896-AD7B-93EE63C8BB6C}.Release|x86.Build.0 = Release|Win32
		{EF567020-E1D9-4303-B357-D3FF6A0397FD}.Debug|x64.ActiveCfg = Debug|x64
		{EF567020-E1D9-4303-B357-D3FF6A0397FD}.Debug|x64.Build.0 = Debug|x64
		{EF567020-E1D9-4303-B357-D3FF6A0397FD}.Debug|x86.ActiveCfg = Debug|Win32
		{EF567020-E1D9-4303-B357-D3FF6A0397FD}.Debug|x86.Build.0 = Debug|Win32
		{EF567020-E1D9-4303-B357-D3FF6A0397FD}.Release|x64.ActiveCfg = Release|x64
		{EF567020-E1D9-4303-B357-D3FF6A0397FD}.Release|x64.Build.0 = Release|x64
		{EF567020-E1D9-4303-B357-D3FF6A0397FD}.Release|x86.ActiveCfg = Release|Win32
		{EF567020-E1D9-4303-B357-D3FF6A0397FD}.Release|x86.Build.0 = Release|Win32
		{E931A816-C3DB-44AF-ABF4-AC570C7B3F44}.Debug|x64.ActiveCfg = Debug|x64
		{E931A816-C3DB-44AF-ABF4-AC570C7B3F44}.Debug|x64.Build.0 = Debug|x64
		{E931A816-C3DB-44AF-ABF4-AC570C7B3F44}.Debug|x86.ActiveCfg = Debug|Win32
		{E931A816-C3DB-44AF-ABF4-AC570C7B3F44}.Debug|x86.Build.0 = Debug|Win32
		{E931A816-C3DB-44AF-ABF4-AC570C7B3F44}.Release|x64.ActiveCfg = Release|x64
		{E931A816-C3DB-44AF-ABF4-AC570C7B3F44}.Release|x64.Build.0 = Release|x64
		{E931A816-C3DB-44AF-ABF4-AC570C7B3F44}.Release|x86.ActiveCfg = Release|Win32
		{E931A816-C3DB-44AF-ABF4-AC570C7B3F44}.Release|x86.Build.0 = Release|Win32
		{05C25E81-5B8D-46CA-B856-C718ED9A720C}.Debug|x64.ActiveCfg = Debug|x64
		{05C25E81-5B8D-46CA-B856-C718ED9A720C}.Debug|x64.Build.0 = Debug|x64
		{05C25E81-5B8D-46CA-B856-C718ED9A720C}.Debug|x86.ActiveCfg = Debug|Win32
		{05C25E81-5B8D-46CA-B856-C718ED9A720C}.Debug|x86.Build.0 = Debug|Win32
		{05C25E81-5B8D-46CA-B856-C718ED9A720C}.Release|x64.ActiveCfg = Release|x64
		{05C25E81-5B8D-46CA-B856-C718ED9A720C}.Release|x64.Build.0 = Release|x64
		{05C25E81-5B8D-46CA-B856-C718ED9A720C}.Release|x86.ActiveCfg = Release|Win32
		{05C25E81-5B8D-46CA-B856-C718ED9A720C}.Release|x86.Build.0 = Release|Win32
		{A3D847F2-6932-4B81-A6B1-F172BC91915B}.Debug|x64.ActiveCfg = Debug|x64
		{A3D847F2-6932-4B81-A6B1-F172BC91915B}.Debug|x64.Build.0 = Debug|x64
		{A3D847F2-6932-4B81-A6B1-F172BC91915B}.Debug|x86.ActiveCfg = Debug|Win32
		{A3D847F2-6932-4B81-A6B1-F172BC91915B}.Debug|x86.Build.0 = Debug|Win32
		{A3D847F2-6932-4B81-A6B1-F172BC91915B}.Release|x64.ActiveCfg = Release|x64
		{A3D847F2-6932-4B81-A6B1-F172BC91915B}.Release|x64.Build.0 = Release|x64
		{A3D847F2-6932-4B81-A6B1-F172BC91915B}.Release|x86.ActiveCfg = Release|Win32
		{A3D847F2-6932-4B81-A6B1-F172BC91915B}.Release|x86.Build.0 = Release|Win32
		{8F506A7D-F111-456A-A504-133DF3EE7A48}.Debug|x64.ActiveCfg = Debug|x64
		{8F506A7D-F111-456A-A504-133DF3EE7A48}.Debug|x64.Build.0 = Debug|x64
		{8F506A7D-F111-456A-A504-133DF3EE7A48}.Debug|x86.ActiveCfg = Debug|Win32
		{8F506A7D-F111-456A-A504-133DF3EE7A48}.Debug|x86.Build.0 = Debug|Win32
		{8F506A7D-F111-456A-A504-133DF3EE7A48}.Release|x64.ActiveCfg = Release|x64
		{8F506A7D-F111-456A-A504-133DF3EE7A48}.Release|x64.Build.0 = Release|x64
		{8F506A7D-F111-456A-A504-133DF3EE7A48}.Release|x86.ActiveCfg = Release|Win32
		{8F506A7D-F111-456A-A504-133DF3EE7A48}.Release|x86.Build.0 = Release|Win32
		{02D6DF47-587D-4C6D-A468-A20C6112AAE9}.Debug|x64.ActiveCfg = Debug|x64
		{02D6DF47-587D-4C6D-A468-A20C6112AAE9}.Debug|x64.Build.0 = Debug|x64
		{02D6DF47-587D-4C6D-A468-A20C6112AAE9}.Debug|x86.ActiveCfg = Debug|Win32
		{02D6DF47-587D-4C6D-A468-A20C6112AAE9}.Debug|x86.Build.0 = Debug|Win32
		{02D6DF47-587D-4C6D-A468-A20C6112AAE9}.Release|x64.ActiveCfg = Release|x64
		{02D6DF47-587D-4C6D-A468-A20C6112AAE9}.Release|x64.Build.0 = Release|x64
		{02D6DF47-587D-4C6D-A468-A20C6112AAE9}.Release|x86.ActiveCfg = Release|Win32
		{02D6DF47-587D-4C6D-A468-A20C6112AAE9}.Release|x86.Build.0 = Release|Win32
		{569F00D1-18FB-4E55-8239-5CF60C54AD3C}.Debug|x64.ActiveCfg = Debug|x64
		{569F00D1-18FB-4E55-8239-5CF60C54AD3C}.Debug|x64.Build.0 = Debug|x64
		{569F00D1-18FB-4E55-8239-5CF60C54AD3C}.Debug|x86.ActiveCfg = Debug|Win32
		{569F00D1-18FB-4E55-8239-5CF60C54AD3C}.Debug|x86.Build.0 = Debug|Win32
		{569F00D1-18FB-4E55-8239-5CF60C54AD3C}.Release|x64.ActiveCfg = Release|x64
		{569F00D1-18FB-4E55-8239-5CF60C54AD3C}.Release|x64.Build.0 = Release|x64
		{569F00D1-18FB-4E55-8239-5CF60C54AD3C}.Release|x86.ActiveCfg = Release|Win32
		{569F00D1-18FB-4E55-8239-5CF60C54AD3C}.Release|x86.Build.0 = Release|Win32
		{F15B7CBB-D00D-43E0-A0EF-E2DBA8CE1592}.Debug|x64.ActiveCfg = Debug|x64
		{F15B7CBB-D00D-43E0-A0EF-E2DBA8CE1592}.Debug|x64.Build.0 = Debug|x64
		{F15B7CBB-D00D-43E0-A0EF-E2DBA8CE1592}.Debug|x86.ActiveCfg = Debug|Win32
		{F15B7CBB-D00D-43E0-A0EF-E2DBA8CE1592}.Debug|x86.Build.0 = Debug|Win32
		{F15B7CBB-D00D-43E0-A0EF-E2DBA8CE1592}.Release|x64.ActiveCfg = Release|x64
		{F15B7CBB-D00D-43E0-A0EF-E2DBA8CE1592}.Release|x64.Build.0 = Release|x64
		{F15B7CBB-D00D-43E0-A0EF-E2DBA8CE1592}.Release|x86.ActiveCfg = Release|Win32
		{F15B7CBB-D00D-43E0-A0EF-E2DBA8CE1592}.Release|x86.Build.0 = Release|Win32
		{ABED215E-D8FC-47C5-8DA2-DB6D808C65D4}.Debug|x64.ActiveCfg = Debug|x64
		{ABED215E-D8FC-47C5-8DA2-DB6D808C65D4}.Debug|x64.Build.0 = Debug|x64
		{ABED215E-D8FC-47C5-8DA2-DB6D808C65D4}.Debug|x86.ActiveCfg = Debug|Win32
		{ABED215E-D8FC-47C5-8DA2-DB6D808C65D4}.Debug|x86.Build.0 = Debug|Win32
		{ABED215E-D8FC-47C5-8DA2-DB6D808C65D4}.Release|x64.ActiveCfg = Release|x64
		{ABED215E-D8FC-47C5-8DA2-DB6D808C65D4}.Release|x64.Build.0 = Release|x64
		{ABED215E-D8FC-47C5-8DA2-DB6D808C65D4}.Release|x86.ActiveCfg = Release|Win32
		{ABED215E-D8FC-47C5-8DA2-DB6D808C65D4}.Release|x86.Build.0 = Release|Win32
		{DC88B975-6EEE-40D2-85D2-366CD365C38C}.Debug|x64.ActiveCfg = Debug|x64
		{DC88B975-6EEE-40D2-85D2-366CD365C38C}.Debug|x64.Build.0 = Debug|x64
		{DC88B975-6EEE-40D2-85D2-366CD365C38C}.Debug|x86.ActiveCfg = Debug|Win32
		{DC88B975-6EEE-40D2-85D2-366CD365C38C}.Debug|x86.Build.0 = Debug|Win32
		{DC88B975-6EEE-40D2-85D2-366CD365C38C}.Release|x64.ActiveCfg = Release|x64
		{DC88B975-6EEE-40D2-85D2-366CD365C38C}.Release|x64.Build.0 = Release|x64
		{DC88B975-6EEE-40D2-85D2-366CD365C38C}.Release|x86.ActiveCfg = Release|Win32
		{DC88B975-6EEE-40D2-85D2-366CD365C38C}.Release|x86.Build.0 = Release|Win32
		{75C2C3B5-52F0-4DA8-B796-2E851DCEB458}.Debug|x64.ActiveCfg = Debug|x64
		{75C2C3B5-52F0-4DA8-B796-2E851DCEB458}.Debug|x64.Build.0 = Debug|x64
		{75C2C3B5-52F0-4DA8-B796-2E851DCEB458}.Debug|x86.ActiveCfg = Debug|Win32
		{75C2C3B5-52F0-4DA8-B796-2E851DCEB458}.Debug|x86.Build.0 = Debug|Win32
		{75C2C3B5-52F0-4DA8-B796-2E851DCEB458}.Release|x64.ActiveCfg = Release|x64
		{75C2C3B5-52F0-4DA8-B796-2E851DCEB458}.Release|x64.Build.0 = Release|x64
		{75C2C3B5-52F0-4DA8-B796-2E851DCEB458}.Release|x86.ActiveCfg = Release|Win32
		{75C2C3B5-52F0-4DA8-B796-2E851DCEB458}.Release|x86.Build.0 = Release|Win32
		{41BE7BC0-DD40-4C98-91E7-87ADC4CEE50C}.Debug|x64.ActiveCfg = Debug|x64
		{41BE7BC0-DD40-4C98-91E7-87ADC4CEE50C}.Debug|x64.Build.0 = Debug|x64
		{41BE7BC0-DD40-4C98-91E7-87ADC4CEE50C}.Debug|x86.ActiveCfg = Debug|Win32
		{41BE7BC0-DD40-4C98-91E7-87ADC4CEE50C}.Debug|x86.Build.0 = Debug|Win32
		{41BE7BC0-DD40-4C98-91E7-87ADC4CEE50C}.Release|x64.ActiveCfg = Release|x64
		{41BE7BC0-DD40-4C98-91E7-87ADC4CEE50C}.Release|x64.Build.0 = Release|x64
		{41BE7BC0-DD40-4C98-91E7-87ADC4CEE50C}.Release|x86.ActiveCfg = Release|Win32
		{41BE7BC0-DD40-4C98-91E7-87ADC4CEE50C}.Release|x86.Build.0 = Release|Win32
	EndGlobalSection
	GlobalSection(SolutionProperties) = preSolution
		HideSolutionNode = FALSE
	EndGlobalSection
	GlobalSection(ExtensibilityGlobals) = postSolution
		SolutionGuid = {E53221F2-A2B6-481C-B620-28AD85D93740}
	EndGlobalSection
EndGlobal
